// !$*UTF8*$!
{
	archiveVersion = 1;
	classes = {
	};
	objectVersion = 56;
	objects = {

/* Begin PBXBuildFile section */
		D0000001000000000000000A /* CoreAudio.framework in Frameworks */ = {isa = PBXBuildFile; fileRef = D0000002000000000000000A /* CoreAudio.framework */; };
		D0000003000000000000000A /* CoreFoundation.framework in Frameworks */ = {isa = PBXBuildFile; fileRef = D0000004000000000000000A /* CoreFoundation.framework */; };
		D0000005000000000000000A /* Info.plist in Resources */ = {isa = PBXBuildFile; fileRef = D0000006000000000000000A /* Info.plist */; };
		D000001C000000000000000A /* Limiter.cpp in Sources */ = {isa = PBXBuildFile; fileRef = D000001D000000000000000A /* Limiter.cpp */; };
		D0000020000000000000000A /* DeviceManager.cpp in Sources */ = {isa = PBXBuildFile; fileRef = D0000021000000000000000A /* DeviceManager.cpp */; };
		D0000024000000000000000A /* AudioProcessor.cpp in Sources */ = {isa = PBXBuildFile; fileRef = D0000025000000000000000A /* AudioProcessor.cpp */; };
/* End PBXBuildFile section */

/* Begin PBXFileReference section */
		D0000002000000000000000A /* CoreAudio.framework */ = {isa = PBXFileReference; lastKnownFileType = wrapper.framework; name = CoreAudio.framework; path = System/Library/Frameworks/CoreAudio.framework; sourceTree = SDKROOT; };
		D0000004000000000000000A /* CoreFoundation.framework */ = {isa = PBXFileReference; lastKnownFileType = wrapper.framework; name = CoreFoundation.framework; path = System/Library/Frameworks/CoreFoundation.framework; sourceTree = SDKROOT; };
		D0000006000000000000000A /* Info.plist */ = {isa = PBXFileReference; lastKnownFileType = text.plist.xml; name = Info.plist; path = MusicianStream.driver/Contents/Info.plist; sourceTree = "<group>"; };
		D0000007000000000000000A /* MusicianStream.driver */ = {isa = PBXFileReference; explicitFileType = wrapper.cfbundle; includeInIndex = 0; path = MusicianStream.driver; sourceTree = BUILT_PRODUCTS_DIR; };
		D000001B000000000000000A /* Types.h */ = {isa = PBXFileReference; lastKnownFileType = sourcecode.c.h; name = Types.h; path = Source/Types.h; sourceTree = "<group>"; };
		D0000019000000000000000A /* XPCProtocol.h */ = {isa = PBXFileReference; lastKnownFileType = sourcecode.c.h; name = XPCProtocol.h; path = ../Shared/XPCProtocol.h; sourceTree = "<group>"; };
		D000001D000000000000000A /* Limiter.cpp */ = {isa = PBXFileReference; lastKnownFileType = sourcecode.cpp.cpp; name = Limiter.cpp; path = Source/Limiter.cpp; sourceTree = "<group>"; };
		D000001E000000000000000A /* Limiter.h */ = {isa = PBXFileReference; lastKnownFileType = sourcecode.c.h; name = Limiter.h; path = Source/Limiter.h; sourceTree = "<group>"; };
		D000001F000000000000000A /* LimiterTests.cpp */ = {isa = PBXFileReference; lastKnownFileType = sourcecode.cpp.cpp; name = LimiterTests.cpp; path = Tests/LimiterTests.cpp; sourceTree = "<group>"; };
		D0000021000000000000000A /* DeviceManager.cpp */ = {isa = PBXFileReference; lastKnownFileType = sourcecode.cpp.cpp; name = DeviceManager.cpp; path = Source/DeviceManager.cpp; sourceTree = "<group>"; };
		D0000022000000000000000A /* DeviceManager.h */ = {isa = PBXFileReference; lastKnownFileType = sourcecode.c.h; name = DeviceManager.h; path = Source/DeviceManager.h; sourceTree = "<group>"; };
		D0000023000000000000000A /* AudioProcessorTests.cpp */ = {isa = PBXFileReference; lastKnownFileType = sourcecode.cpp.cpp; name = AudioProcessorTests.cpp; path = Tests/AudioProcessorTests.cpp; sourceTree = "<group>"; };
		D0000025000000000000000A /* AudioProcessor.cpp */ = {isa = PBXFileReference; lastKnownFileType = sourcecode.cpp.cpp; name = AudioProcessor.cpp; path = Source/AudioProcessor.cpp; sourceTree = "<group>"; };
		D0000026000000000000000A /* AudioProcessor.h */ = {isa = PBXFileReference; lastKnownFileType = sourcecode.c.h; name = AudioProcessor.h; path = Source/AudioProcessor.h; sourceTree = "<group>"; };
/* End PBXFileReference section */

/* Begin PBXFrameworksBuildPhase section */
		D0000008000000000000000A /* Frameworks */ = {
			isa = PBXFrameworksBuildPhase;
			buildActionMask = 2147483647;
			files = (
				D0000001000000000000000A /* CoreAudio.framework in Frameworks */,
				D0000003000000000000000A /* CoreFoundation.framework in Frameworks */,
			);
			runOnlyForDeploymentPostprocessing = 0;
		};
/* End PBXFrameworksBuildPhase section */

/* Begin PBXGroup section */
		D0000009000000000000000A = {
			isa = PBXGroup;
			children = (
				D000000A000000000000000A /* Source */,
				D000001A000000000000000A /* Shared */,
				D000000B000000000000000A /* Tests */,
				D000000C000000000000000A /* MusicianStream.driver */,
				D000000D000000000000000A /* Frameworks */,
				D000000E000000000000000A /* Products */,
			);
			sourceTree = "<group>";
		};
		D000000A000000000000000A /* Source */ = {
			isa = PBXGroup;
			children = (
				D000001B000000000000000A /* Types.h */,
				D000001E000000000000000A /* Limiter.h */,
				D000001D000000000000000A /* Limiter.cpp */,
				D0000022000000000000000A /* DeviceManager.h */,
				D0000021000000000000000A /* DeviceManager.cpp */,
				D0000026000000000000000A /* AudioProcessor.h */,
				D0000025000000000000000A /* AudioProcessor.cpp */,
			);
			path = Source;
			sourceTree = "<group>";
		};
		D000000B000000000000000A /* Tests */ = {
			isa = PBXGroup;
			children = (
				D000001F000000000000000A /* LimiterTests.cpp */,
				D0000023000000000000000A /* AudioProcessorTests.cpp */,
			);
			path = Tests;
			sourceTree = "<group>";
		};
		D000000C000000000000000A /* MusicianStream.driver */ = {
			isa = PBXGroup;
			children = (
				D0000006000000000000000A /* Info.plist */,
			);
			path = MusicianStream.driver;
			sourceTree = "<group>";
		};
		D000000D000000000000000A /* Frameworks */ = {
			isa = PBXGroup;
			children = (
				D0000002000000000000000A /* CoreAudio.framework */,
				D0000004000000000000000A /* CoreFoundation.framework */,
			);
			name = Frameworks;
			sourceTree = "<group>";
		};
		D000000E000000000000000A /* Products */ = {
			isa = PBXGroup;
			children = (
				D0000007000000000000000A /* MusicianStream.driver */,
			);
			name = Products;
			sourceTree = "<group>";
		};
		D000001A000000000000000A /* Shared */ = {
			isa = PBXGroup;
			children = (
				D0000019000000000000000A /* XPCProtocol.h */,
			);
			name = Shared;
			path = ../Shared;
			sourceTree = "<group>";
		};
/* End PBXGroup section */

/* Begin PBXNativeTarget section */
		D000000F000000000000000A /* MusicianStream */ = {
			isa = PBXNativeTarget;
			buildConfigurationList = D0000010000000000000000A /* Build configuration list for PBXNativeTarget "MusicianStream" */;
			buildPhases = (
				D0000011000000000000000A /* Sources */,
				D0000008000000000000000A /* Frameworks */,
				D0000012000000000000000A /* Resources */,
			);
			buildRules = (
			);
			dependencies = (
			);
			name = MusicianStream;
			productName = MusicianStream;
			productReference = D0000007000000000000000A /* MusicianStream.driver */;
			productType = "com.apple.product-type.bundle";
		};
/* End PBXNativeTarget section */

/* Begin PBXProject section */
		D0000013000000000000000A /* Project object */ = {
			isa = PBXProject;
			attributes = {
				BuildIndependentTargetsInParallel = 1;
				LastUpgradeCheck = 1520;
				TargetAttributes = {
					D000000F000000000000000A = {
						CreatedOnToolsVersion = 15.2;
					};
				};
			};
			buildConfigurationList = D0000014000000000000000A /* Build configuration list for PBXProject "MusicianStream" */;
			compatibilityVersion = "Xcode 14.0";
			developmentRegion = en;
			hasScannedForEncodings = 0;
			knownRegions = (
				en,
				Base,
			);
			mainGroup = D0000009000000000000000A;
			productRefGroup = D000000E000000000000000A /* Products */;
			projectDirPath = "";
			projectRoot = "";
			targets = (
				D000000F000000000000000A /* MusicianStream */,
			);
		};
/* End PBXProject section */

/* Begin PBXResourcesBuildPhase section */
		D0000012000000000000000A /* Resources */ = {
			isa = PBXResourcesBuildPhase;
			buildActionMask = 2147483647;
			files = (
				D0000005000000000000000A /* Info.plist in Resources */,
			);
			runOnlyForDeploymentPostprocessing = 0;
		};
/* End PBXResourcesBuildPhase section */

/* Begin PBXSourcesBuildPhase section */
		D0000011000000000000000A /* Sources */ = {
			isa = PBXSourcesBuildPhase;
			buildActionMask = 2147483647;
			files = (
				D000001C000000000000000A /* Limiter.cpp in Sources */,
				D0000020000000000000000A /* DeviceManager.cpp in Sources */,
				D0000024000000000000000A /* AudioProcessor.cpp in Sources */,
			);
			runOnlyForDeploymentPostprocessing = 0;
		};
/* End PBXSourcesBuildPhase section */

/* Begin XCBuildConfiguration section */
		D0000015000000000000000A /* Debug */ = {
			isa = XCBuildConfiguration;
			buildSettings = {
				ALWAYS_SEARCH_USER_PATHS = NO;
				ASSETCATALOG_COMPILER_GENERATE_SWIFT_ASSET_SYMBOL_EXTENSIONS = YES;
				CLANG_ANALYZER_NONNULL = YES;
				CLANG_ANALYZER_NUMBER_OBJECT_CONVERSION = YES_AGGRESSIVE;
				CLANG_CXX_LANGUAGE_STANDARD = "gnu++17";
				CLANG_ENABLE_MODULES = YES;
				CLANG_ENABLE_OBJC_ARC = YES;
				CLANG_ENABLE_OBJC_WEAK = YES;
				CLANG_WARN_BLOCK_CAPTURE_AUTORELEASING = YES;
				CLANG_WARN_BOOL_CONVERSION = YES;
				CLANG_WARN_COMMA = YES;
				CLANG_WARN_CONSTANT_CONVERSION = YES;
				CLANG_WARN_DEPRECATED_OBJC_IMPLEMENTATIONS = YES;
				CLANG_WARN_DIRECT_OBJC_ISA_USAGE = YES_ERROR;
				CLANG_WARN_DOCUMENTATION_COMMENTS = YES;
				CLANG_WARN_EMPTY_BODY = YES;
				CLANG_WARN_ENUM_CONVERSION = YES;
				CLANG_WARN_INFINITE_RECURSION = YES;
				CLANG_WARN_INT_CONVERSION = YES;
				CLANG_WARN_NON_LITERAL_NULL_CONVERSION = YES;
				CLANG_WARN_OBJC_IMPLICIT_RETAIN_SELF = YES;
				CLANG_WARN_OBJC_LITERAL_CONVERSION = YES;
				CLANG_WARN_OBJC_ROOT_CLASS = YES_ERROR;
				CLANG_WARN_QUOTED_INCLUDE_IN_FRAMEWORK_HEADER = YES;
				CLANG_WARN_RANGE_LOOP_ANALYSIS = YES;
				CLANG_WARN_STRICT_PROTOTYPES = YES;
				CLANG_WARN_SUSPICIOUS_MOVE = YES;
				CLANG_WARN_UNGUARDED_AVAILABILITY = YES_AGGRESSIVE;
				CLANG_WARN_UNREACHABLE_CODE = YES;
				CLANG_WARN__DUPLICATE_METHOD_MATCH = YES;
				COPY_PHASE_STRIP = NO;
				DEBUG_INFORMATION_FORMAT = dwarf;
				ENABLE_STRICT_OBJC_MSGSEND = YES;
				ENABLE_TESTABILITY = YES;
				ENABLE_USER_SCRIPT_SANDBOXING = YES;
				GCC_C_LANGUAGE_STANDARD = gnu17;
				GCC_DYNAMIC_NO_PIC = NO;
				GCC_NO_COMMON_BLOCKS = YES;
				GCC_OPTIMIZATION_LEVEL = 0;
				GCC_PREPROCESSOR_DEFINITIONS = (
					"DEBUG=1",
					"$(inherited)",
				);
				GCC_WARN_64_TO_32_BIT_CONVERSION = YES;
				GCC_WARN_ABOUT_RETURN_TYPE = YES_ERROR;
				GCC_WARN_UNDECLARED_SELECTOR = YES;
				GCC_WARN_UNINITIALIZED_AUTOS = YES_AGGRESSIVE;
				GCC_WARN_UNUSED_FUNCTION = YES;
				GCC_WARN_UNUSED_VARIABLE = YES;
				LOCALIZATION_PREFERS_STRING_CATALOGS = YES;
				MACOSX_DEPLOYMENT_TARGET = 14.0;
				MTL_ENABLE_DEBUG_INFO = INCLUDE_SOURCE;
				MTL_FAST_MATH = YES;
				ONLY_ACTIVE_ARCH = YES;
				SDKROOT = macosx;
			};
			name = Debug;
		};
		D0000016000000000000000A /* Release */ = {
			isa = XCBuildConfiguration;
			buildSettings = {
				ALWAYS_SEARCH_USER_PATHS = NO;
				ASSETCATALOG_COMPILER_GENERATE_SWIFT_ASSET_SYMBOL_EXTENSIONS = YES;
				CLANG_ANALYZER_NONNULL = YES;
				CLANG_ANALYZER_NUMBER_OBJECT_CONVERSION = YES_AGGRESSIVE;
				CLANG_CXX_LANGUAGE_STANDARD = "gnu++17";
				CLANG_ENABLE_MODULES = YES;
				CLANG_ENABLE_OBJC_ARC = YES;
				CLANG_ENABLE_OBJC_WEAK = YES;
				CLANG_WARN_BLOCK_CAPTURE_AUTORELEASING = YES;
				CLANG_WARN_BOOL_CONVERSION = YES;
				CLANG_WARN_COMMA = YES;
				CLANG_WARN_CONSTANT_CONVERSION = YES;
				CLANG_WARN_DEPRECATED_OBJC_IMPLEMENTATIONS = YES;
				CLANG_WARN_DIRECT_OBJC_ISA_USAGE = YES_ERROR;
				CLANG_WARN_DOCUMENTATION_COMMENTS = YES;
				CLANG_WARN_EMPTY_BODY = YES;
				CLANG_WARN_ENUM_CONVERSION = YES;
				CLANG_WARN_INFINITE_RECURSION = YES;
				CLANG_WARN_INT_CONVERSION = YES;
				CLANG_WARN_NON_LITERAL_NULL_CONVERSION = YES;
				CLANG_WARN_OBJC_IMPLICIT_RETAIN_SELF = YES;
				CLANG_WARN_OBJC_LITERAL_CONVERSION = YES;
				CLANG_WARN_OBJC_ROOT_CLASS = YES_ERROR;
				CLANG_WARN_QUOTED_INCLUDE_IN_FRAMEWORK_HEADER = YES;
				CLANG_WARN_RANGE_LOOP_ANALYSIS = YES;
				CLANG_WARN_STRICT_PROTOTYPES = YES;
				CLANG_WARN_SUSPICIOUS_MOVE = YES;
				CLANG_WARN_UNGUARDED_AVAILABILITY = YES_AGGRESSIVE;
				CLANG_WARN_UNREACHABLE_CODE = YES;
				CLANG_WARN__DUPLICATE_METHOD_MATCH = YES;
				COPY_PHASE_STRIP = NO;
				DEBUG_INFORMATION_FORMAT = "dwarf-with-dsym";
				ENABLE_NS_ASSERTIONS = NO;
				ENABLE_STRICT_OBJC_MSGSEND = YES;
				ENABLE_USER_SCRIPT_SANDBOXING = YES;
				GCC_C_LANGUAGE_STANDARD = gnu17;
				GCC_NO_COMMON_BLOCKS = YES;
				GCC_WARN_64_TO_32_BIT_CONVERSION = YES;
				GCC_WARN_ABOUT_RETURN_TYPE = YES_ERROR;
				GCC_WARN_UNDECLARED_SELECTOR = YES;
				GCC_WARN_UNINITIALIZED_AUTOS = YES_AGGRESSIVE;
				GCC_WARN_UNUSED_FUNCTION = YES;
				GCC_WARN_UNUSED_VARIABLE = YES;
				LOCALIZATION_PREFERS_STRING_CATALOGS = YES;
				MACOSX_DEPLOYMENT_TARGET = 14.0;
				MTL_ENABLE_DEBUG_INFO = NO;
				MTL_FAST_MATH = YES;
				SDKROOT = macosx;
			};
			name = Release;
		};
		D0000017000000000000000A /* Debug */ = {
			isa = XCBuildConfiguration;
			buildSettings = {
				ARCHS = "$(ARCHS_STANDARD)";
				CODE_SIGN_STYLE = Automatic;
				COMBINE_HIDPI_IMAGES = YES;
				CURRENT_PROJECT_VERSION = 1;
				GENERATE_INFOPLIST_FILE = NO;
				INFOPLIST_FILE = MusicianStream.driver/Contents/Info.plist;
				INFOPLIST_KEY_NSHumanReadableCopyright = "";
				INFOPLIST_KEY_NSPrincipalClass = "";
				MACH_O_TYPE = mh_bundle;
				MARKETING_VERSION = 1.0;
				PRODUCT_BUNDLE_IDENTIFIER = com.musicianstream.driver;
				PRODUCT_NAME = "$(TARGET_NAME)";
				WRAPPER_EXTENSION = driver;
			};
			name = Debug;
		};
		D0000018000000000000000A /* Release */ = {
			isa = XCBuildConfiguration;
			buildSettings = {
				ARCHS = "$(ARCHS_STANDARD)";
				CODE_SIGN_STYLE = Automatic;
				COMBINE_HIDPI_IMAGES = YES;
				CURRENT_PROJECT_VERSION = 1;
				GENERATE_INFOPLIST_FILE = NO;
				INFOPLIST_FILE = MusicianStream.driver/Contents/Info.plist;
				INFOPLIST_KEY_NSHumanReadableCopyright = "";
				INFOPLIST_KEY_NSPrincipalClass = "";
				MACH_O_TYPE = mh_bundle;
				MARKETING_VERSION = 1.0;
				PRODUCT_BUNDLE_IDENTIFIER = com.musicianstream.driver;
				PRODUCT_NAME = "$(TARGET_NAME)";
				WRAPPER_EXTENSION = driver;
			};
			name = Release;
		};
/* End XCBuildConfiguration section */

/* Begin XCConfigurationList section */
		D0000010000000000000000A /* Build configuration list for PBXNativeTarget "MusicianStream" */ = {
			isa = XCConfigurationList;
			buildConfigurations = (
				D0000017000000000000000A /* Debug */,
				D0000018000000000000000A /* Release */,
			);
			defaultConfigurationIsVisible = 0;
			defaultConfigurationName = Release;
		};
		D0000014000000000000000A /* Build configuration list for PBXProject "MusicianStream" */ = {
			isa = XCConfigurationList;
			buildConfigurations = (
				D0000015000000000000000A /* Debug */,
				D0000016000000000000000A /* Release */,
			);
			defaultConfigurationIsVisible = 0;
			defaultConfigurationName = Release;
		};
/* End XCConfigurationList section */
	};
	rootObject = D0000013000000000000000A /* Project object */;
}
